
Microsoft Visual Studio Solution File, Format Version 12.00
# Visual Studio Version 17
VisualStudioVersion = 17.10.35027.167
MinimumVisualStudioVersion = 10.0.40219.1
Project("{9A19103F-16F7-4668-BE54-9A1E7A4F7556}") = "FintechHub.UI", "FintechHub.UI\FintechHub.UI.csproj", "{54D81448-1361-4DEF-BF20-5F2DA93299A9}"
EndProject
Project("{9A19103F-16F7-4668-BE54-9A1E7A4F7556}") = "UserAppSecurity", "UserAppSecurity\UserAppSecurity.csproj", "{CC06A83F-BC6C-43CC-BF64-A49D821C87F7}"
EndProject
Project("{9A19103F-16F7-4668-BE54-9A1E7A4F7556}") = "UXComponents", "UXComponents\UXComponents.csproj", "{BFDE1C0D-E72F-4D65-BCEE-7463E9172AE6}"
EndProject
Project("{9A19103F-16F7-4668-BE54-9A1E7A4F7556}") = "DepositAccManager", "DepositAccManager\DepositAccManager.csproj", "{9400F57A-364D-4124-9CBC-459637EB5408}"
EndProject
Project("{9A19103F-16F7-4668-BE54-9A1E7A4F7556}") = "TRS_MMDeal", "TRS_MMDeal\TRS_MMDeal.csproj", "{4BBE519D-78B0-4C46-B235-436BE4E57234}"
EndProject
Project("{9A19103F-16F7-4668-BE54-9A1E7A4F7556}") = "UserAppHRM", "UserAppHRM\UserAppHRM.csproj", "{4926EC6A-63F8-4062-9434-47881C637B7F}"
EndProject
Project("{FAE04EC0-301F-11D3-BF4B-00C04F79EFBC}") = "Axurance", "Axurance\Axurance.csproj", "{C98A5DA0-3F88-41F7-AA03-F3C508E33044}"
EndProject
Global
	GlobalSection(SolutionConfigurationPlatforms) = preSolution
		Debug|Any CPU = Debug|Any CPU
		Release|Any CPU = Release|Any CPU
	EndGlobalSection
	GlobalSection(ProjectConfigurationPlatforms) = postSolution
		{54D81448-1361-4DEF-BF20-5F2DA93299A9}.Debug|Any CPU.ActiveCfg = Debug|Any CPU
		{54D81448-1361-4DEF-BF20-5F2DA93299A9}.Debug|Any CPU.Build.0 = Debug|Any CPU
		{54D81448-1361-4DEF-BF20-5F2DA93299A9}.Release|Any CPU.ActiveCfg = Release|Any CPU
		{54D81448-1361-4DEF-BF20-5F2DA93299A9}.Release|Any CPU.Build.0 = Release|Any CPU
		{CC06A83F-BC6C-43CC-BF64-A49D821C87F7}.Debug|Any CPU.ActiveCfg = Debug|Any CPU
		{CC06A83F-BC6C-43CC-BF64-A49D821C87F7}.Debug|Any CPU.Build.0 = Debug|Any CPU
		{CC06A83F-BC6C-43CC-BF64-A49D821C87F7}.Release|Any CPU.ActiveCfg = Release|Any CPU
		{CC06A83F-BC6C-43CC-BF64-A49D821C87F7}.Release|Any CPU.Build.0 = Release|Any CPU
		{BFDE1C0D-E72F-4D65-BCEE-7463E9172AE6}.Debug|Any CPU.ActiveCfg = Debug|Any CPU
		{BFDE1C0D-E72F-4D65-BCEE-7463E9172AE6}.Debug|Any CPU.Build.0 = Debug|Any CPU
		{BFDE1C0D-E72F-4D65-BCEE-7463E9172AE6}.Release|Any CPU.ActiveCfg = Release|Any CPU
		{BFDE1C0D-E72F-4D65-BCEE-7463E9172AE6}.Release|Any CPU.Build.0 = Release|Any CPU
		{9400F57A-364D-4124-9CBC-459637EB5408}.Debug|Any CPU.ActiveCfg = Debug|Any CPU
		{9400F57A-364D-4124-9CBC-459637EB5408}.Debug|Any CPU.Build.0 = Debug|Any CPU
		{9400F57A-364D-4124-9CBC-459637EB5408}.Release|Any CPU.ActiveCfg = Release|Any CPU
		{9400F57A-364D-4124-9CBC-459637EB5408}.Release|Any CPU.Build.0 = Release|Any CPU
		{4BBE519D-78B0-4C46-B235-436BE4E57234}.Debug|Any CPU.ActiveCfg = Debug|Any CPU
		{4BBE519D-78B0-4C46-B235-436BE4E57234}.Debug|Any CPU.Build.0 = Debug|Any CPU
		{4BBE519D-78B0-4C46-B235-436BE4E57234}.Release|Any CPU.ActiveCfg = Release|Any CPU
		{4BBE519D-78B0-4C46-B235-436BE4E57234}.Release|Any CPU.Build.0 = Release|Any CPU
		{4926EC6A-63F8-4062-9434-47881C637B7F}.Debug|Any CPU.ActiveCfg = Debug|Any CPU
		{4926EC6A-63F8-4062-9434-47881C637B7F}.Debug|Any CPU.Build.0 = Debug|Any CPU
		{4926EC6A-63F8-4062-9434-47881C637B7F}.Release|Any CPU.ActiveCfg = Release|Any CPU
		{4926EC6A-63F8-4062-9434-47881C637B7F}.Release|Any CPU.Build.0 = Release|Any CPU
		{C98A5DA0-3F88-41F7-AA03-F3C508E33044}.Debug|Any CPU.ActiveCfg = Debug|Any CPU
		{C98A5DA0-3F88-41F7-AA03-F3C508E33044}.Debug|Any CPU.Build.0 = Debug|Any CPU
		{C98A5DA0-3F88-41F7-AA03-F3C508E33044}.Release|Any CPU.ActiveCfg = Release|Any CPU
		{C98A5DA0-3F88-41F7-AA03-F3C508E33044}.Release|Any CPU.Build.0 = Release|Any CPU
	EndGlobalSection
	GlobalSection(SolutionProperties) = preSolution
		HideSolutionNode = FALSE
	EndGlobalSection
	GlobalSection(ExtensibilityGlobals) = postSolution
		SolutionGuid = {11F185E0-A89B-4E86-AA62-A86D9A19B317}
	EndGlobalSection
	GlobalSection(TeamFoundationVersionControl) = preSolution
		SccNumberOfProjects = 8
		SccEnterpriseProvider = {4CA58AB2-18FA-4F8D-95D4-32DDF27D184C}
		SccTeamFoundationServer = http://192.168.10.32/defaultcollection
		SccLocalPath0 = .
		SccProjectUniqueName1 = FintechHub.UI\\FintechHub.UI.csproj
		SccProjectName1 = FintechHub.UI
		SccLocalPath1 = FintechHub.UI
		SccProjectUniqueName2 = UserAppSecurity\\UserAppSecurity.csproj
		SccProjectName2 = UserAppSecurity
		SccLocalPath2 = UserAppSecurity
		SccProjectUniqueName3 = UXComponents\\UXComponents.csproj
		SccProjectName3 = UXComponents
		SccLocalPath3 = UXComponents
		SccProjectUniqueName4 = DepositAccManager\\DepositAccManager.csproj
		SccProjectName4 = DepositAccManager
		SccLocalPath4 = DepositAccManager
		SccProjectUniqueName5 = TRS_MMDeal\\TRS_MMDeal.csproj
		SccProjectName5 = TRS_MMDeal
		SccLocalPath5 = TRS_MMDeal
		SccProjectUniqueName6 = UserAppHRM\\UserAppHRM.csproj
		SccProjectName6 = UserAppHRM
		SccLocalPath6 = UserAppHRM
		SccProjectUniqueName7 = Axurance\\Axurance.csproj
		SccProjectName7 = Axurance
		SccLocalPath7 = Axurance
	EndGlobalSection
EndGlobal
